<?xml version="1.0" encoding="utf-8"?>
<Project ToolsVersion="4.0" xmlns="http://schemas.microsoft.com/developer/msbuild/2003">
  <ItemGroup>
    <Filter Include="Src">
      <UniqueIdentifier>{b2efad76-6b60-4b3d-be6a-62e4aefcb5ef}</UniqueIdentifier>
    </Filter>
    <Filter Include="Src\Headers">
      <UniqueIdentifier>{93995380-89BD-4b04-88EB-625FBE52EBFB}</UniqueIdentifier>
      <Extensions>h;hh;hpp;hxx;h++;hm;inl;inc;ipp;xsd</Extensions>
    </Filter>
    <Filter Include="Src\Sources">
      <UniqueIdentifier>{4FC737F1-C7A5-4376-A066-2A32D752A2FF}</UniqueIdentifier>
      <Extensions>cpp;c;cc;cxx;c++;cppm;ixx;def;odl;idl;hpj;bat;asm;asmx</Extensions>
    </Filter>
    <Filter Include="Docs">
      <UniqueIdentifier>{aaef0240-efe8-47f8-9f73-3f548e7ae00c}</UniqueIdentifier>
    </Filter>
    <Filter Include="Docs\Pics">
      <UniqueIdentifier>{3d8a6c52-cc3c-46f0-bc07-c36bd9dcc472}</UniqueIdentifier>
    </Filter>
    <Filter Include="Docs\Pics\SetUp">
      <UniqueIdentifier>{f481ad97-e74a-4af0-be32-13793ccda076}</UniqueIdentifier>
    </Filter>
    <Filter Include="Resource">
      <UniqueIdentifier>{67DA6AB6-F800-4c08-8B7A-83BB121AAD01}</UniqueIdentifier>
      <Extensions>rc;ico;cur;bmp;dlg;rc2;rct;bin;rgs;gif;jpg;jpeg;jpe;resx;tiff;tif;png;wav;mfcribbon-ms</Extensions>
    </Filter>
    <Filter Include="Resource\Shaders">
      <UniqueIdentifier>{d836f97e-d1af-412a-ae1f-179bf6dea763}</UniqueIdentifier>
    </Filter>
    <Filter Include="Resource\Textures">
      <UniqueIdentifier>{c400cb95-76b8-437a-8b1c-eb425086fa9a}</UniqueIdentifier>
    </Filter>
    <Filter Include="Resource\Fonts">
      <UniqueIdentifier>{867757c4-dae5-4fb3-8476-fb83960d9e9a}</UniqueIdentifier>
    </Filter>
    <Filter Include="Resource\Models">
      <UniqueIdentifier>{e9a59a1e-af12-49fb-9b29-e1717a271441}</UniqueIdentifier>
    </Filter>
    <Filter Include="Resource\Levels">
      <UniqueIdentifier>{8d04b37b-61ef-4a67-ae88-8110563b0765}</UniqueIdentifier>
    </Filter>
  </ItemGroup>
  <ItemGroup>
    <ClCompile Include="Src\Sources\glad.c">
      <Filter>Src\Sources</Filter>
    </ClCompile>
    <ClCompile Include="Src\Sources\main.cpp">
      <Filter>Src\Sources</Filter>
    </ClCompile>
    <ClCompile Include="Src\Sources\Game.cpp">
      <Filter>Src\Sources</Filter>
    </ClCompile>
    <ClCompile Include="Src\Sources\Shader.cpp">
      <Filter>Src\Sources</Filter>
    </ClCompile>
    <ClCompile Include="Src\Sources\Texture.cpp">
      <Filter>Src\Sources</Filter>
    </ClCompile>
    <ClCompile Include="Src\Sources\ResourceManager.cpp">
      <Filter>Src\Sources</Filter>
    </ClCompile>
    <ClCompile Include="Src\Sources\Renderer.cpp">
      <Filter>Src\Sources</Filter>
    </ClCompile>
    <ClCompile Include="Src\Sources\Camera.cpp">
      <Filter>Src\Sources</Filter>
    </ClCompile>
    <ClCompile Include="Src\Sources\FrameBuffer.cpp">
      <Filter>Src\Sources</Filter>
    </ClCompile>
    <ClCompile Include="Src\Sources\Text.cpp">
      <Filter>Src\Sources</Filter>
    </ClCompile>
    <ClCompile Include="Src\Sources\Noise.cpp">
      <Filter>Src\Sources</Filter>
    </ClCompile>
    <ClCompile Include="Src\Sources\Chunk.cpp">
      <Filter>Src\Sources</Filter>
    </ClCompile>
    <ClCompile Include="Src\Sources\GameObject.cpp">
      <Filter>Src\Sources</Filter>
    </ClCompile>
    <ClCompile Include="Src\Sources\Ray.cpp">
      <Filter>Src\Sources</Filter>
    </ClCompile>
    <ClCompile Include="Src\Sources\Player.cpp">
      <Filter>Src\Sources</Filter>
    </ClCompile>
  </ItemGroup>
  <ItemGroup>
    <None Include="Docs\README.md">
      <Filter>Docs</Filter>
    </None>
    <None Include="Resource\Levels\one.lvl">
      <Filter>Resource\Levels</Filter>
    </None>
    <None Include="Resource\Shaders\cube.fragment">
      <Filter>Resource\Shaders</Filter>
    </None>
    <None Include="Resource\Shaders\cube.vertex">
      <Filter>Resource\Shaders</Filter>
    </None>
    <None Include="Resource\Shaders\screen.vertex">
      <Filter>Resource\Shaders</Filter>
    </None>
    <None Include="Resource\Shaders\screen.fragment">
      <Filter>Resource\Shaders</Filter>
    </None>
    <None Include="Resource\Shaders\text.vertex">
      <Filter>Resource\Shaders</Filter>
    </None>
    <None Include="Resource\Shaders\text.fragment">
      <Filter>Resource\Shaders</Filter>
    </None>
    <None Include="Resource\Shaders\depth.vertex">
      <Filter>Resource\Shaders</Filter>
    </None>
    <None Include="Resource\Shaders\depth.fragment">
      <Filter>Resource\Shaders</Filter>
    </None>
  </ItemGroup>
  <ItemGroup>
    <Image Include="Docs\Pics\SetUp\step 1.png">
      <Filter>Docs\Pics\SetUp</Filter>
    </Image>
    <Image Include="Docs\Pics\SetUp\step 2.png">
      <Filter>Docs\Pics\SetUp</Filter>
    </Image>
    <Image Include="Docs\Pics\SetUp\step 3.png">
      <Filter>Docs\Pics\SetUp</Filter>
    </Image>
    <Image Include="Docs\Pics\SetUp\step 4.png">
      <Filter>Docs\Pics\SetUp</Filter>
    </Image>
    <Image Include="Docs\Pics\SetUp\step 5.png">
      <Filter>Docs\Pics\SetUp</Filter>
    </Image>
    <Image Include="Docs\Pics\SetUp\step 6.png">
      <Filter>Docs\Pics\SetUp</Filter>
    </Image>
    <Image Include="Docs\Pics\SetUp\step 7.png">
      <Filter>Docs\Pics\SetUp</Filter>
    </Image>
    <Image Include="Docs\Pics\SetUp\Warning!!!!!!!.png">
      <Filter>Docs\Pics\SetUp</Filter>
    </Image>
  </ItemGroup>
  <ItemGroup>
    <ClInclude Include="Src\Headers\Game.h">
      <Filter>Src\Headers</Filter>
    </ClInclude>
    <ClInclude Include="Src\Headers\Shader.h">
      <Filter>Src\Headers</Filter>
    </ClInclude>
    <ClInclude Include="Src\Headers\Texture.h">
      <Filter>Src\Headers</Filter>
    </ClInclude>
    <ClInclude Include="Src\Headers\ResourceManager.h">
      <Filter>Src\Headers</Filter>
    </ClInclude>
    <ClInclude Include="Src\Headers\Renderer.h">
      <Filter>Src\Headers</Filter>
    </ClInclude>
    <ClInclude Include="Src\Headers\Camera.h">
      <Filter>Src\Headers</Filter>
    </ClInclude>
    <ClInclude Include="Src\Headers\FrameBuffer.h">
      <Filter>Src\Headers</Filter>
    </ClInclude>
    <ClInclude Include="Src\Headers\Text.h">
      <Filter>Src\Headers</Filter>
    </ClInclude>
    <ClInclude Include="Src\Headers\Noise.h">
      <Filter>Src\Headers</Filter>
    </ClInclude>
    <ClInclude Include="Src\Headers\Chunk.h">
      <Filter>Src\Headers</Filter>
    </ClInclude>
    <ClInclude Include="Src\Headers\GameObject.h">
      <Filter>Src\Headers</Filter>
    </ClInclude>
    <ClInclude Include="Src\Headers\Ray.h">
      <Filter>Src\Headers</Filter>
    </ClInclude>
    <ClInclude Include="Src\Headers\Player.h">
      <Filter>Src\Headers</Filter>
    </ClInclude>
  </ItemGroup>
  <ItemGroup>
    <Font Include="Resource\Fonts\ALGER.TTF">
      <Filter>Resource\Fonts</Filter>
    </Font>
    <Font Include="Resource\Fonts\MTCORSVA.TTF">
      <Filter>Resource\Fonts</Filter>
    </Font>
    <Font Include="Resource\Fonts\OCRAEXT.TTF">
      <Filter>Resource\Fonts</Filter>
    </Font>
    <Font Include="Resource\Fonts\OLDENGL.TTF">
      <Filter>Resource\Fonts</Filter>
    </Font>
    <Font Include="Resource\Fonts\AGENCYB.TTF">
      <Filter>Resource\Fonts</Filter>
    </Font>
    <Font Include="Resource\Fonts\AGENCYR.TTF">
      <Filter>Resource\Fonts</Filter>
    </Font>
  </ItemGroup>
</Project>